{
  "name": "algebra-solver",
  "version": "1.0.0",
  "lockfileVersion": 1,
  "requires": true,
  "dependencies": {
    "@discordjs/collection": {
      "version": "0.1.6",
      "resolved": "https://registry.npmjs.org/@discordjs/collection/-/collection-0.1.6.tgz",
      "integrity": "sha512-utRNxnd9kSS2qhyivo9lMlt5qgAUasH2gb7BEOn6p0efFh24gjGomHzWKMAPn2hEReOPQZCJaRKoURwRotKucQ=="
    },
    "@discordjs/form-data": {
      "version": "3.0.1",
      "resolved": "https://registry.npmjs.org/@discordjs/form-data/-/form-data-3.0.1.tgz",
      "integrity": "sha512-ZfFsbgEXW71Rw/6EtBdrP5VxBJy4dthyC0tpQKGKmYFImlmmrykO14Za+BiIVduwjte0jXEBlhSKf0MWbFp9Eg==",
      "requires": {
        "asynckit": "^0.4.0",
        "combined-stream": "^1.0.8",
        "mime-types": "^2.1.12"
      }
    },
    "abort-controller": {
      "version": "3.0.0",
      "resolved": "https://registry.npmjs.org/abort-controller/-/abort-controller-3.0.0.tgz",
      "integrity": "sha512-h8lQ8tacZYnR3vNQTgibj+tODHI5/+l06Au2Pcriv/Gmet0eaj4TwWH41sO9wnHDiQsEj19q0drzdWdeAHtweg==",
      "requires": {
        "event-target-shim": "^5.0.0"
      }
    },
    "algebra": {
      "version": "1.0.1",
      "resolved": "https://registry.npmjs.org/algebra/-/algebra-1.0.1.tgz",
      "integrity": "sha512-2fbpg59KlOqC3Z6vBARpXjRuIIcH5nqz8CAOOUES0tuJ4W6rtGpB+5AtVpg+X76YR+QRPPZRPte7T3Gj8eV3KA==",
      "requires": {
        "cayley-dickson": "^0.5.4",
        "indices-permutations": "^0.2.3",
        "laplace-determinant": "^0.2.1",
        "matrix-multiplication": "^0.5.2",
        "multidim-array-index": "^0.6.0",
        "not-defined": "^2.1.0",
        "static-props": "^1.1.2",
        "strict-mode": "^1.1.3",
        "tensor-contraction": "^0.2.0"
      }
    },
    "algebra-group": {
      "version": "0.6.2",
      "resolved": "https://registry.npmjs.org/algebra-group/-/algebra-group-0.6.2.tgz",
      "integrity": "sha512-//pQGrgIU/Yn9B3UlquJao+GNgKILnD4j5SPpKxQCVe234Mqce6VclldvuDNa8r8HpY67up8UyY8IwIeQeVVAA==",
      "requires": {
        "not-defined": "^2.0.1",
        "static-props": "^1.1.1"
      }
    },
    "algebra-ring": {
      "version": "0.6.4",
      "resolved": "https://registry.npmjs.org/algebra-ring/-/algebra-ring-0.6.4.tgz",
      "integrity": "sha512-ydV8zKNp7T/t2zSENFqO5MJe/xNQBYLL5sXkC6Cqa9WEwuKOWAPMHEqhuO0n7iPqugE5AYoodTltLIPZt9QOag==",
      "requires": {
        "algebra-group": "^0.6.2",
        "static-props": "^1.1.2"
      }
    },
    "algebra.js": {
      "version": "0.2.6",
      "resolved": "https://registry.npmjs.org/algebra.js/-/algebra.js-0.2.6.tgz",
      "integrity": "sha1-I6rMhvhjTkwgbVbIB37yIKYiHHQ="
    },
    "asynckit": {
      "version": "0.4.0",
      "resolved": "https://registry.npmjs.org/asynckit/-/asynckit-0.4.0.tgz",
      "integrity": "sha1-x57Zf380y48robyXkLzDZkdLS3k="
    },
    "balanced-match": {
      "version": "1.0.0",
      "resolved": "https://registry.npmjs.org/balanced-match/-/balanced-match-1.0.0.tgz",
      "integrity": "sha1-ibTRmasr7kneFk6gK4nORi1xt2c="
    },
    "brace-expansion": {
      "version": "1.1.11",
      "resolved": "https://registry.npmjs.org/brace-expansion/-/brace-expansion-1.1.11.tgz",
      "integrity": "sha512-iCuPHDFgrHX7H2vEI/5xpz07zSHB00TpugqhmYtVmMO6518mCuRMoOYFldEBl0g187ufozdaHgWKcYFb61qGiA==",
      "requires": {
        "balanced-match": "^1.0.0",
        "concat-map": "0.0.1"
      }
    },
    "cayley-dickson": {
      "version": "0.5.4",
      "resolved": "https://registry.npmjs.org/cayley-dickson/-/cayley-dickson-0.5.4.tgz",
      "integrity": "sha512-L1hXy5W6VZnQ3S14J68Ib9AVIT4TGhw+RBq1NKaBh8PBZcbxaE4nlq+vp7OJslyj0t29fQWtVKNY1P1HoaWJ3g==",
      "requires": {
        "algebra-ring": "^0.6.3"
      }
    },
    "combined-stream": {
      "version": "1.0.8",
      "resolved": "https://registry.npmjs.org/combined-stream/-/combined-stream-1.0.8.tgz",
      "integrity": "sha512-FQN4MRfuJeHf7cBbBMJFXhKSDq+2kAArBlmRBvcvFE5BB1HZKXtSFASDhdlz9zOYwxh8lDdnvmMOe/+5cdoEdg==",
      "requires": {
        "delayed-stream": "~1.0.0"
      }
    },
    "complex.js": {
      "version": "2.0.11",
      "resolved": "https://registry.npmjs.org/complex.js/-/complex.js-2.0.11.tgz",
      "integrity": "sha512-6IArJLApNtdg1P1dFtn3dnyzoZBEF0MwMnrfF1exSBRpZYoy4yieMkpZhQDC0uwctw48vii0CFVyHfpgZ/DfGw=="
    },
    "concat-map": {
      "version": "0.0.1",
      "resolved": "https://registry.npmjs.org/concat-map/-/concat-map-0.0.1.tgz",
      "integrity": "sha1-2Klr13/Wjfd5OnMDajug1UBdR3s="
    },
    "decimal.js": {
      "version": "10.2.0",
      "resolved": "https://registry.npmjs.org/decimal.js/-/decimal.js-10.2.0.tgz",
      "integrity": "sha512-vDPw+rDgn3bZe1+F/pyEwb1oMG2XTlRVgAa6B4KccTEpYgF8w6eQllVbQcfIJnZyvzFtFpxnpGtx8dd7DJp/Rw=="
    },
    "delayed-stream": {
      "version": "1.0.0",
      "resolved": "https://registry.npmjs.org/delayed-stream/-/delayed-stream-1.0.0.tgz",
      "integrity": "sha1-3zrhmayt+31ECqrgsp4icrJOxhk="
    },
    "describe": {
      "version": "1.2.0",
      "resolved": "https://registry.npmjs.org/describe/-/describe-1.2.0.tgz",
      "integrity": "sha1-O0LvptyhqiRF720VwZhU3lg3EcA=",
      "requires": {
        "string-color": ">= 0.8.0"
      }
    },
    "discord": {
      "version": "0.8.2",
      "resolved": "https://registry.npmjs.org/discord/-/discord-0.8.2.tgz",
      "integrity": "sha1-jLPr+fLpBZRVTQw3NMma+Huwt3A=",
      "requires": {
        "describe": ">=0.8.0",
        "glob": ">3.0.1",
        "mootools": ">=1.4.4",
        "string-color": ">=0.8.0"
      }
    },
    "discord.js": {
      "version": "12.3.1",
      "resolved": "https://registry.npmjs.org/discord.js/-/discord.js-12.3.1.tgz",
      "integrity": "sha512-mSFyV/mbvzH12UXdS4zadmeUf8IMQOo/YdunubG1wWt1xjWvtaJz/s9CGsFD2B5pTw1W/LXxxUbrQjIZ/xlUdw==",
      "requires": {
        "@discordjs/collection": "^0.1.6",
        "@discordjs/form-data": "^3.0.1",
        "abort-controller": "^3.0.0",
        "node-fetch": "^2.6.0",
        "prism-media": "^1.2.2",
        "setimmediate": "^1.0.5",
        "tweetnacl": "^1.0.3",
        "ws": "^7.3.1"
      }
    },
    "escape-latex": {
      "version": "1.2.0",
      "resolved": "https://registry.npmjs.org/escape-latex/-/escape-latex-1.2.0.tgz",
      "integrity": "sha512-nV5aVWW1K0wEiUIEdZ4erkGGH8mDxGyxSeqPzRNtWP7ataw+/olFObw7hujFWlVjNsaDFw5VZ5NzVSIqRgfTiw=="
    },
    "event-target-shim": {
      "version": "5.0.1",
      "resolved": "https://registry.npmjs.org/event-target-shim/-/event-target-shim-5.0.1.tgz",
      "integrity": "sha512-i/2XbnSz/uxRCU6+NdVJgKWDTM427+MqYbkQzD321DuCQJUqOuJKIA0IM2+W2xtYHdKOmZ4dR6fExsd4SXL+WQ=="
    },
    "fraction.js": {
      "version": "4.0.12",
      "resolved": "https://registry.npmjs.org/fraction.js/-/fraction.js-4.0.12.tgz",
      "integrity": "sha512-8Z1K0VTG4hzYY7kA/1sj4/r1/RWLBD3xwReT/RCrUCbzPszjNQCCsy3ktkU/eaEqX3MYa4pY37a52eiBlPMlhA=="
    },
    "fs.realpath": {
      "version": "1.0.0",
      "resolved": "https://registry.npmjs.org/fs.realpath/-/fs.realpath-1.0.0.tgz",
      "integrity": "sha1-FQStJSMVjKpA20onh8sBQRmU6k8="
    },
    "glob": {
      "version": "7.1.6",
      "resolved": "https://registry.npmjs.org/glob/-/glob-7.1.6.tgz",
      "integrity": "sha512-LwaxwyZ72Lk7vZINtNNrywX0ZuLyStrdDtabefZKAY5ZGJhVtgdznluResxNmPitE0SAO+O26sWTHeKSI2wMBA==",
      "requires": {
        "fs.realpath": "^1.0.0",
        "inflight": "^1.0.4",
        "inherits": "2",
        "minimatch": "^3.0.4",
        "once": "^1.3.0",
        "path-is-absolute": "^1.0.0"
      }
    },
    "indices-permutations": {
      "version": "0.2.3",
      "resolved": "https://registry.npmjs.org/indices-permutations/-/indices-permutations-0.2.3.tgz",
      "integrity": "sha512-SXKOO4DS2J+sDEr2a0O8iZ21YA07oogooXkszjGtXNOmWgcOV8mcntCM8YMS7A/WdUfHvuUJ4gaI4l6OUdkBrA=="
    },
    "inflight": {
      "version": "1.0.6",
      "resolved": "https://registry.npmjs.org/inflight/-/inflight-1.0.6.tgz",
      "integrity": "sha1-Sb1jMdfQLQwJvJEKEHW6gWW1bfk=",
      "requires": {
        "once": "^1.3.0",
        "wrappy": "1"
      }
    },
    "inherits": {
      "version": "2.0.4",
      "resolved": "https://registry.npmjs.org/inherits/-/inherits-2.0.4.tgz",
      "integrity": "sha512-k/vGaX4/Yla3WzyMCvTQOXYeIHvqOKtnqBduzTHpzpQZzAskKMhZ2K+EnBiSM9zGSoIFeMpXKxa4dYeZIQqewQ=="
    },
    "javascript-natural-sort": {
      "version": "0.7.1",
      "resolved": "https://registry.npmjs.org/javascript-natural-sort/-/javascript-natural-sort-0.7.1.tgz",
      "integrity": "sha1-+eIwPUUH9tdDVac2ZNFED7Wg71k="
    },
    "laplace-determinant": {
      "version": "0.2.1",
      "resolved": "https://registry.npmjs.org/laplace-determinant/-/laplace-determinant-0.2.1.tgz",
      "integrity": "sha512-izrIThddrkIsG0bI+sNjOAWHmWviA1WApeAVPAS1RjQGPc8j8KgPid3PTuiOoMilSBqN/gfTFJO49k91s5jjtA==",
      "requires": {
        "not-defined": "^2.0.1"
      }
    },
    "math.js": {
      "version": "1.1.46",
      "resolved": "https://registry.npmjs.org/math.js/-/math.js-1.1.46.tgz",
      "integrity": "sha512-D4DS+oENshM6xI94mhzJFkH1D0jvSHyKjNuLbki2IdGM3RZ74WQDSw8KLIMy/76JFhl7BvY1/KkJc38kOvv/6Q=="
    },
    "mathjs": {
      "version": "7.1.0",
      "resolved": "https://registry.npmjs.org/mathjs/-/mathjs-7.1.0.tgz",
      "integrity": "sha512-Km6PO2UR+COs5mru5auKQKi84GKBryuL5JDdKeAxAi0QV8mH/qwpZKLnzrycxBacQ/X/4Z4Kn+gtYc5gEeWsDQ==",
      "requires": {
        "complex.js": "^2.0.11",
        "decimal.js": "^10.2.0",
        "escape-latex": "^1.2.0",
        "fraction.js": "^4.0.12",
        "javascript-natural-sort": "^0.7.1",
        "seed-random": "^2.2.0",
        "tiny-emitter": "^2.1.0",
        "typed-function": "^2.0.0"
      }
    },
    "matrix-multiplication": {
      "version": "0.5.2",
      "resolved": "https://registry.npmjs.org/matrix-multiplication/-/matrix-multiplication-0.5.2.tgz",
      "integrity": "sha512-rr3Adfxn9cktAn8zYAkYiDbFZFkFflwjm9oSm5drBIQJPjFoqUlT9nq7aMwXpr+Nr4uurQKgxy+9pfk5X2YmYA==",
      "requires": {
        "not-defined": "^2.0.1",
        "static-props": "^1.1.1"
      }
    },
    "mime-db": {
      "version": "1.44.0",
      "resolved": "https://registry.npmjs.org/mime-db/-/mime-db-1.44.0.tgz",
      "integrity": "sha512-/NOTfLrsPBVeH7YtFPgsVWveuL+4SjjYxaQ1xtM1KMFj7HdxlBlxeyNLzhyJVx7r4rZGJAZ/6lkKCitSc/Nmpg=="
    },
    "mime-types": {
      "version": "2.1.27",
      "resolved": "https://registry.npmjs.org/mime-types/-/mime-types-2.1.27.tgz",
      "integrity": "sha512-JIhqnCasI9yD+SsmkquHBxTSEuZdQX5BuQnS2Vc7puQQQ+8yiP5AY5uWhpdv4YL4VM5c6iliiYWPgJ/nJQLp7w==",
      "requires": {
        "mime-db": "1.44.0"
      }
    },
    "minimatch": {
      "version": "3.0.4",
      "resolved": "https://registry.npmjs.org/minimatch/-/minimatch-3.0.4.tgz",
      "integrity": "sha512-yJHVQEhyqPLUTgt9B83PXu6W3rx4MvvHvSUvToogpwoGDOUQ+yDrR0HRot+yOCdCO7u4hX3pWft6kWBBcqh0UA==",
      "requires": {
        "brace-expansion": "^1.1.7"
      }
    },
    "mootools": {
      "version": "1.5.2",
      "resolved": "https://registry.npmjs.org/mootools/-/mootools-1.5.2.tgz",
      "integrity": "sha1-H93xtOCp5l0g1IO5tLCOHoexFho="
    },
    "multidim-array-index": {
      "version": "0.6.0",
      "resolved": "https://registry.npmjs.org/multidim-array-index/-/multidim-array-index-0.6.0.tgz",
      "integrity": "sha512-ojHXo7TNXU8i/MxkbC6BqLPR0z1Elr77PuX0xCLoQUSdo/53UjlRBcrDiaOyoLscQp1j84+qQTG1WwHPl6Vz/g==",
      "requires": {
        "static-props": "^1.0.0"
      }
    },
    "node-fetch": {
      "version": "2.6.0",
      "resolved": "https://registry.npmjs.org/node-fetch/-/node-fetch-2.6.0.tgz",
      "integrity": "sha512-8dG4H5ujfvFiqDmVu9fQ5bOHUC15JMjMY/Zumv26oOvvVJjM67KF8koCWIabKQ1GJIa9r2mMZscBq/TbdOcmNA=="
    },
    "not-defined": {
      "version": "2.1.4",
      "resolved": "https://registry.npmjs.org/not-defined/-/not-defined-2.1.4.tgz",
      "integrity": "sha512-KmZ4O3MohdMtgoqsU7x7PrEAPph+45/pBcZUMkEsy3IViwVIh6tjUe8ennVbgaFyGTmiml13V+gOgwcfA1A3qg=="
    },
    "once": {
      "version": "1.4.0",
      "resolved": "https://registry.npmjs.org/once/-/once-1.4.0.tgz",
      "integrity": "sha1-WDsap3WWHUsROsF9nFC6753Xa9E=",
      "requires": {
        "wrappy": "1"
      }
    },
    "path-is-absolute": {
      "version": "1.0.1",
      "resolved": "https://registry.npmjs.org/path-is-absolute/-/path-is-absolute-1.0.1.tgz",
      "integrity": "sha1-F0uSaHNVNP+8es5r9TpanhtcX18="
    },
    "prism-media": {
      "version": "1.2.2",
      "resolved": "https://registry.npmjs.org/prism-media/-/prism-media-1.2.2.tgz",
      "integrity": "sha512-I+nkWY212lJ500jLe4tN9tWO7nRiBAVdMv76P9kffZjYhw20raMlW1HSSvS+MLXC9MmbNZCazMrAr+5jEEgTuw=="
    },
    "seed-random": {
      "version": "2.2.0",
      "resolved": "https://registry.npmjs.org/seed-random/-/seed-random-2.2.0.tgz",
      "integrity": "sha1-KpsZ4lCoFwmSMaW5mk2vgLf77VQ="
    },
    "setimmediate": {
      "version": "1.0.5",
      "resolved": "https://registry.npmjs.org/setimmediate/-/setimmediate-1.0.5.tgz",
      "integrity": "sha1-KQy7Iy4waULX1+qbg3Mqt4VvgoU="
    },
    "static-props": {
      "version": "1.1.2",
      "resolved": "https://registry.npmjs.org/static-props/-/static-props-1.1.2.tgz",
      "integrity": "sha512-uHhAsY2eP0WWz42n/5sZDnoO511JgXJsTaycb4ISeYeIH+tjAvAVZ+praZQ3NNVNMUUwc8VXpWWY28Xh8I6XZg=="
    },
    "strict-mode": {
      "version": "1.1.4",
      "resolved": "https://registry.npmjs.org/strict-mode/-/strict-mode-1.1.4.tgz",
      "integrity": "sha512-QiDrxbGY8PZlN1M/3FgKogenLZOy9Cn9nKBKTo63Jv1palASXmF7BYZqIALTDvr6lFOtYdDIb6h/ylf5eoyzJQ=="
    },
    "string-color": {
      "version": "0.8.0",
      "resolved": "https://registry.npmjs.org/string-color/-/string-color-0.8.0.tgz",
      "integrity": "sha1-HmdMgpXOKd3Zd4tuTLOqXnVEhAM="
    },
    "tensor-contraction": {
      "version": "0.2.0",
      "resolved": "https://registry.npmjs.org/tensor-contraction/-/tensor-contraction-0.2.0.tgz",
      "integrity": "sha512-v8Y0RA8wY85YTXURmqRwAq2zYz9CfsELz18RHH1+QYFCIgAPP9k5VXDPUMlrOwi/EEBjX/kAn+6T9Gzuor7dkw==",
      "requires": {
        "indices-permutations": "^0.2.2",
        "multidim-array-index": "^0.6.0"
      }
    },
    "tiny-emitter": {
      "version": "2.1.0",
      "resolved": "https://registry.npmjs.org/tiny-emitter/-/tiny-emitter-2.1.0.tgz",
      "integrity": "sha512-NB6Dk1A9xgQPMoGqC5CVXn123gWyte215ONT5Pp5a0yt4nlEoO1ZWeCwpncaekPHXO60i47ihFnZPiRPjRMq4Q=="
    },
    "tweetnacl": {
      "version": "1.0.3",
      "resolved": "https://registry.npmjs.org/tweetnacl/-/tweetnacl-1.0.3.tgz",
      "integrity": "sha512-6rt+RN7aOi1nGMyC4Xa5DdYiukl2UWCbcJft7YhxReBGQD7OAM8Pbxw6YMo4r2diNEA8FEmu32YOn9rhaiE5yw=="
    },
    "typed-function": {
      "version": "2.0.0",
      "resolved": "https://registry.npmjs.org/typed-function/-/typed-function-2.0.0.tgz",
      "integrity": "sha512-Hhy1Iwo/e4AtLZNK10ewVVcP2UEs408DS35ubP825w/YgSBK1KVLwALvvIG4yX75QJrxjCpcWkzkVRB0BwwYlA=="
    },
    "wrappy": {
      "version": "1.0.2",
      "resolved": "https://registry.npmjs.org/wrappy/-/wrappy-1.0.2.tgz",
      "integrity": "sha1-tSQ9jz7BqjXxNkYFvA0QNuMKtp8="
    },
    "ws": {
      "version": "7.3.1",
      "resolved": "https://registry.npmjs.org/ws/-/ws-7.3.1.tgz",
      "integrity": "sha512-D3RuNkynyHmEJIpD2qrgVkc9DQ23OrN/moAwZX4L8DfvszsJxpjQuUq3LMx6HoYji9fbIOBY18XWBsAux1ZZUA=="
    }
  }
}
